{
  "originHash" : "c8205e6290a08762b9a146c56af4331f19c9371e34fc591e9eda65a35e0ba29f",
  "pins" : [
    {
      "identity" : "primitives",
      "kind" : "remoteSourceControl",
      "location" : "https://github.com/leviouwendijk/Primitives.git",
      "state" : {
        "branch" : "master",
        "revision" : "7b53326bba4229c0b8c62529dfe0934f6ddedf6c"
      }
    }
  ],
  "version" : 3
}
